// !$*UTF8*$!
{
	archiveVersion = 1;
	classes = {
	};
	objectVersion = 50;
	objects = {

/* Begin PBXBuildFile section */
		DB059575219BC4E700BA35FE /* AppDelegate.swift in Sources */ = {isa = PBXBuildFile; fileRef = DB059574219BC4E700BA35FE /* AppDelegate.swift */; };
		DB059577219BC4E700BA35FE /* ViewController.swift in Sources */ = {isa = PBXBuildFile; fileRef = DB059576219BC4E700BA35FE /* ViewController.swift */; };
		DB05957A219BC4E700BA35FE /* Main.storyboard in Resources */ = {isa = PBXBuildFile; fileRef = DB059578219BC4E700BA35FE /* Main.storyboard */; };
		DB05957C219BC4E800BA35FE /* Assets.xcassets in Resources */ = {isa = PBXBuildFile; fileRef = DB05957B219BC4E800BA35FE /* Assets.xcassets */; };
		DB05957F219BC4E800BA35FE /* LaunchScreen.storyboard in Resources */ = {isa = PBXBuildFile; fileRef = DB05957D219BC4E800BA35FE /* LaunchScreen.storyboard */; };
		DB05958A219BC4E800BA35FE /* testTests.swift in Sources */ = {isa = PBXBuildFile; fileRef = DB059589219BC4E800BA35FE /* testTests.swift */; };
		DB059595219BC4E800BA35FE /* testUITests.swift in Sources */ = {isa = PBXBuildFile; fileRef = DB059594219BC4E800BA35FE /* testUITests.swift */; };
/* End PBXBuildFile section */

/* Begin PBXContainerItemProxy section */
		DB059586219BC4E800BA35FE /* PBXContainerItemProxy */ = {
			isa = PBXContainerItemProxy;
			containerPortal = DB059569219BC4E700BA35FE /* Project object */;
			proxyType = 1;
			remoteGlobalIDString = DB059570219BC4E700BA35FE;
			remoteInfo = test;
		};
		DB059591219BC4E800BA35FE /* PBXContainerItemProxy */ = {
			isa = PBXContainerItemProxy;
			containerPortal = DB059569219BC4E700BA35FE /* Project object */;
			proxyType = 1;
			remoteGlobalIDString = DB059570219BC4E700BA35FE;
			remoteInfo = test;
		};
/* End PBXContainerItemProxy section */

/* Begin PBXFileReference section */
		DB059571219BC4E700BA35FE /* test.app */ = {isa = PBXFileReference; explicitFileType = wrapper.application; includeInIndex = 0; path = test.app; sourceTree = BUILT_PRODUCTS_DIR; };
		DB059574219BC4E700BA35FE /* AppDelegate.swift */ = {isa = PBXFileReference; lastKnownFileType = sourcecode.swift; path = AppDelegate.swift; sourceTree = "<group>"; };
		DB059576219BC4E700BA35FE /* ViewController.swift */ = {isa = PBXFileReference; lastKnownFileType = sourcecode.swift; path = ViewController.swift; sourceTree = "<group>"; };
		DB059579219BC4E700BA35FE /* Base */ = {isa = PBXFileReference; lastKnownFileType = file.storyboard; name = Base; path = Base.lproj/Main.storyboard; sourceTree = "<group>"; };
		DB05957B219BC4E800BA35FE /* Assets.xcassets */ = {isa = PBXFileReference; lastKnownFileType = folder.assetcatalog; path = Assets.xcassets; sourceTree = "<group>"; };
		DB05957E219BC4E800BA35FE /* Base */ = {isa = PBXFileReference; lastKnownFileType = file.storyboard; name = Base; path = Base.lproj/LaunchScreen.storyboard; sourceTree = "<group>"; };
		DB059580219BC4E800BA35FE /* Info.plist */ = {isa = PBXFileReference; lastKnownFileType = text.plist.xml; path = Info.plist; sourceTree = "<group>"; };
		DB059585219BC4E800BA35FE /* testTests.xctest */ = {isa = PBXFileReference; explicitFileType = wrapper.cfbundle; includeInIndex = 0; path = testTests.xctest; sourceTree = BUILT_PRODUCTS_DIR; };
		DB059589219BC4E800BA35FE /* testTests.swift */ = {isa = PBXFileReference; lastKnownFileType = sourcecode.swift; path = testTests.swift; sourceTree = "<group>"; };
		DB05958B219BC4E800BA35FE /* Info.plist */ = {isa = PBXFileReference; lastKnownFileType = text.plist.xml; path = Info.plist; sourceTree = "<group>"; };
		DB059590219BC4E800BA35FE /* testUITests.xctest */ = {isa = PBXFileReference; explicitFileType = wrapper.cfbundle; includeInIndex = 0; path = testUITests.xctest; sourceTree = BUILT_PRODUCTS_DIR; };
		DB059594219BC4E800BA35FE /* testUITests.swift */ = {isa = PBXFileReference; lastKnownFileType = sourcecode.swift; path = testUITests.swift; sourceTree = "<group>"; };
		DB059596219BC4E800BA35FE /* Info.plist */ = {isa = PBXFileReference; lastKnownFileType = text.plist.xml; path = Info.plist; sourceTree = "<group>"; };
/* End PBXFileReference section */

/* Begin PBXFrameworksBuildPhase section */
		DB05956E219BC4E700BA35FE /* Frameworks */ = {
			isa = PBXFrameworksBuildPhase;
			buildActionMask = 2147483647;
			files = (
			);
			runOnlyForDeploymentPostprocessing = 0;
		};
		DB059582219BC4E800BA35FE /* Frameworks */ = {
			isa = PBXFrameworksBuildPhase;
			buildActionMask = 2147483647;
			files = (
			);
			runOnlyForDeploymentPostprocessing = 0;
		};
		DB05958D219BC4E800BA35FE /* Frameworks */ = {
			isa = PBXFrameworksBuildPhase;
			buildActionMask = 2147483647;
			files = (
			);
			runOnlyForDeploymentPostprocessing = 0;
		};
/* End PBXFrameworksBuildPhase section */

/* Begin PBXGroup section */
		DB059568219BC4E700BA35FE = {
			isa = PBXGroup;
			children = (
				DB059573219BC4E700BA35FE /* test */,
				DB059588219BC4E800BA35FE /* testTests */,
				DB059593219BC4E800BA35FE /* testUITests */,
				DB059572219BC4E700BA35FE /* Products */,
			);
			sourceTree = "<group>";
		};
		DB059572219BC4E700BA35FE /* Products */ = {
			isa = PBXGroup;
			children = (
				DB059571219BC4E700BA35FE /* test.app */,
				DB059585219BC4E800BA35FE /* testTests.xctest */,
				DB059590219BC4E800BA35FE /* testUITests.xctest */,
			);
			name = Products;
			sourceTree = "<group>";
		};
		DB059573219BC4E700BA35FE /* test */ = {
			isa = PBXGroup;
			children = (
				DB059574219BC4E700BA35FE /* AppDelegate.swift */,
				DB059576219BC4E700BA35FE /* ViewController.swift */,
				DB059578219BC4E700BA35FE /* Main.storyboard */,
				DB05957B219BC4E800BA35FE /* Assets.xcassets */,
				DB05957D219BC4E800BA35FE /* LaunchScreen.storyboard */,
				DB059580219BC4E800BA35FE /* Info.plist */,
			);
			path = test;
			sourceTree = "<group>";
		};
		DB059588219BC4E800BA35FE /* testTests */ = {
			isa = PBXGroup;
			children = (
				DB059589219BC4E800BA35FE /* testTests.swift */,
				DB05958B219BC4E800BA35FE /* Info.plist */,
			);
			path = testTests;
			sourceTree = "<group>";
		};
		DB059593219BC4E800BA35FE /* testUITests */ = {
			isa = PBXGroup;
			children = (
				DB059594219BC4E800BA35FE /* testUITests.swift */,
				DB059596219BC4E800BA35FE /* Info.plist */,
			);
			path = testUITests;
			sourceTree = "<group>";
		};
/* End PBXGroup section */

/* Begin PBXNativeTarget section */
		DB059570219BC4E700BA35FE /* test */ = {
			isa = PBXNativeTarget;
			buildConfigurationList = DB059599219BC4E800BA35FE /* Build configuration list for PBXNativeTarget "test" */;
			buildPhases = (
				DB05956D219BC4E700BA35FE /* Sources */,
				DB05956E219BC4E700BA35FE /* Frameworks */,
				DB05956F219BC4E700BA35FE /* Resources */,
			);
			buildRules = (
			);
			dependencies = (
			);
			name = test;
			productName = test;
			productReference = DB059571219BC4E700BA35FE /* test.app */;
			productType = "com.apple.product-type.application";
		};
		DB059584219BC4E800BA35FE /* testTests */ = {
			isa = PBXNativeTarget;
			buildConfigurationList = DB05959C219BC4E800BA35FE /* Build configuration list for PBXNativeTarget "testTests" */;
			buildPhases = (
				DB059581219BC4E800BA35FE /* Sources */,
				DB059582219BC4E800BA35FE /* Frameworks */,
				DB059583219BC4E800BA35FE /* Resources */,
			);
			buildRules = (
			);
			dependencies = (
				DB059587219BC4E800BA35FE /* PBXTargetDependency */,
			);
			name = testTests;
			productName = testTests;
			productReference = DB059585219BC4E800BA35FE /* testTests.xctest */;
			productType = "com.apple.product-type.bundle.unit-test";
		};
		DB05958F219BC4E800BA35FE /* testUITests */ = {
			isa = PBXNativeTarget;
			buildConfigurationList = DB05959F219BC4E800BA35FE /* Build configuration list for PBXNativeTarget "testUITests" */;
			buildPhases = (
				DB05958C219BC4E800BA35FE /* Sources */,
				DB05958D219BC4E800BA35FE /* Frameworks */,
				DB05958E219BC4E800BA35FE /* Resources */,
			);
			buildRules = (
			);
			dependencies = (
				DB059592219BC4E800BA35FE /* PBXTargetDependency */,
			);
			name = testUITests;
			productName = testUITests;
			productReference = DB059590219BC4E800BA35FE /* testUITests.xctest */;
			productType = "com.apple.product-type.bundle.ui-testing";
		};
/* End PBXNativeTarget section */

/* Begin PBXProject section */
		DB059569219BC4E700BA35FE /* Project object */ = {
			isa = PBXProject;
			attributes = {
				LastSwiftUpdateCheck = 1010;
				LastUpgradeCheck = 1010;
				ORGANIZATIONNAME = PeterHu;
				TargetAttributes = {
					DB059570219BC4E700BA35FE = {
						CreatedOnToolsVersion = 10.1;
					};
					DB059584219BC4E800BA35FE = {
						CreatedOnToolsVersion = 10.1;
						TestTargetID = DB059570219BC4E700BA35FE;
					};
					DB05958F219BC4E800BA35FE = {
						CreatedOnToolsVersion = 10.1;
						TestTargetID = DB059570219BC4E700BA35FE;
					};
				};
			};
			buildConfigurationList = DB05956C219BC4E700BA35FE /* Build configuration list for PBXProject "test" */;
			compatibilityVersion = "Xcode 9.3";
			developmentRegion = en;
			hasScannedForEncodings = 0;
			knownRegions = (
				en,
				Base,
			);
			mainGroup = DB059568219BC4E700BA35FE;
			productRefGroup = DB059572219BC4E700BA35FE /* Products */;
			projectDirPath = "";
			projectRoot = "";
			targets = (
				DB059570219BC4E700BA35FE /* test */,
				DB059584219BC4E800BA35FE /* testTests */,
				DB05958F219BC4E800BA35FE /* testUITests */,
			);
		};
/* End PBXProject section */

/* Begin PBXResourcesBuildPhase section */
		DB05956F219BC4E700BA35FE /* Resources */ = {
			isa = PBXResourcesBuildPhase;
			buildActionMask = 2147483647;
			files = (
				DB05957F219BC4E800BA35FE /* LaunchScreen.storyboard in Resources */,
				DB05957C219BC4E800BA35FE /* Assets.xcassets in Resources */,
				DB05957A219BC4E700BA35FE /* Main.storyboard in Resources */,
			);
			runOnlyForDeploymentPostprocessing = 0;
		};
		DB059583219BC4E800BA35FE /* Resources */ = {
			isa = PBXResourcesBuildPhase;
			buildActionMask = 2147483647;
			files = (
			);
			runOnlyForDeploymentPostprocessing = 0;
		};
		DB05958E219BC4E800BA35FE /* Resources */ = {
			isa = PBXResourcesBuildPhase;
			buildActionMask = 2147483647;
			files = (
			);
			runOnlyForDeploymentPostprocessing = 0;
		};
/* End PBXResourcesBuildPhase section */

/* Begin PBXSourcesBuildPhase section */
		DB05956D219BC4E700BA35FE /* Sources */ = {
			isa = PBXSourcesBuildPhase;
			buildActionMask = 2147483647;
			files = (
				DB059577219BC4E700BA35FE /* ViewController.swift in Sources */,
				DB059575219BC4E700BA35FE /* AppDelegate.swift in Sources */,
			);
			runOnlyForDeploymentPostprocessing = 0;
		};
		DB059581219BC4E800BA35FE /* Sources */ = {
			isa = PBXSourcesBuildPhase;
			buildActionMask = 2147483647;
			files = (
				DB05958A219BC4E800BA35FE /* testTests.swift in Sources */,
			);
			runOnlyForDeploymentPostprocessing = 0;
		};
		DB05958C219BC4E800BA35FE /* Sources */ = {
			isa = PBXSourcesBuildPhase;
			buildActionMask = 2147483647;
			files = (
				DB059595219BC4E800BA35FE /* testUITests.swift in Sources */,
			);
			runOnlyForDeploymentPostprocessing = 0;
		};
/* End PBXSourcesBuildPhase section */

/* Begin PBXTargetDependency section */
		DB059587219BC4E800BA35FE /* PBXTargetDependency */ = {
			isa = PBXTargetDependency;
			target = DB059570219BC4E700BA35FE /* test */;
			targetProxy = DB059586219BC4E800BA35FE /* PBXContainerItemProxy */;
		};
		DB059592219BC4E800BA35FE /* PBXTargetDependency */ = {
			isa = PBXTargetDependency;
			target = DB059570219BC4E700BA35FE /* test */;
			targetProxy = DB059591219BC4E800BA35FE /* PBXContainerItemProxy */;
		};
/* End PBXTargetDependency section */

/* Begin PBXVariantGroup section */
		DB059578219BC4E700BA35FE /* Main.storyboard */ = {
			isa = PBXVariantGroup;
			children = (
				DB059579219BC4E700BA35FE /* Base */,
			);
			name = Main.storyboard;
			sourceTree = "<group>";
		};
		DB05957D219BC4E800BA35FE /* LaunchScreen.storyboard */ = {
			isa = PBXVariantGroup;
			children = (
				DB05957E219BC4E800BA35FE /* Base */,
			);
			name = LaunchScreen.storyboard;
			sourceTree = "<group>";
		};
/* End PBXVariantGroup section */

/* Begin XCBuildConfiguration section */
		DB059597219BC4E800BA35FE /* Debug */ = {
			isa = XCBuildConfiguration;
			buildSettings = {
				ALWAYS_SEARCH_USER_PATHS = NO;
				CLANG_ANALYZER_NONNULL = YES;
				CLANG_ANALYZER_NUMBER_OBJECT_CONVERSION = YES_AGGRESSIVE;
				CLANG_CXX_LANGUAGE_STANDARD = "gnu++14";
				CLANG_CXX_LIBRARY = "libc++";
				CLANG_ENABLE_MODULES = YES;
				CLANG_ENABLE_OBJC_ARC = YES;
				CLANG_ENABLE_OBJC_WEAK = YES;
				CLANG_WARN_BLOCK_CAPTURE_AUTORELEASING = YES;
				CLANG_WARN_BOOL_CONVERSION = YES;
				CLANG_WARN_COMMA = YES;
				CLANG_WARN_CONSTANT_CONVERSION = YES;
				CLANG_WARN_DEPRECATED_OBJC_IMPLEMENTATIONS = YES;
				CLANG_WARN_DIRECT_OBJC_ISA_USAGE = YES_ERROR;
				CLANG_WARN_DOCUMENTATION_COMMENTS = YES;
				CLANG_WARN_EMPTY_BODY = YES;
				CLANG_WARN_ENUM_CONVERSION = YES;
				CLANG_WARN_INFINITE_RECURSION = YES;
				CLANG_WARN_INT_CONVERSION = YES;
				CLANG_WARN_NON_LITERAL_NULL_CONVERSION = YES;
				CLANG_WARN_OBJC_IMPLICIT_RETAIN_SELF = YES;
				CLANG_WARN_OBJC_LITERAL_CONVERSION = YES;
				CLANG_WARN_OBJC_ROOT_CLASS = YES_ERROR;
				CLANG_WARN_RANGE_LOOP_ANALYSIS = YES;
				CLANG_WARN_STRICT_PROTOTYPES = YES;
				CLANG_WARN_SUSPICIOUS_MOVE = YES;
				CLANG_WARN_UNGUARDED_AVAILABILITY = YES_AGGRESSIVE;
				CLANG_WARN_UNREACHABLE_CODE = YES;
				CLANG_WARN__DUPLICATE_METHOD_MATCH = YES;
				CODE_SIGN_IDENTITY = "iPhone Developer";
				COPY_PHASE_STRIP = NO;
				DEBUG_INFORMATION_FORMAT = dwarf;
				ENABLE_STRICT_OBJC_MSGSEND = YES;
				ENABLE_TESTABILITY = YES;
				GCC_C_LANGUAGE_STANDARD = gnu11;
				GCC_DYNAMIC_NO_PIC = NO;
				GCC_NO_COMMON_BLOCKS = YES;
				GCC_OPTIMIZATION_LEVEL = 0;
				GCC_PREPROCESSOR_DEFINITIONS = (
					"DEBUG=1",
					"$(inherited)",
				);
				GCC_WARN_64_TO_32_BIT_CONVERSION = YES;
				GCC_WARN_ABOUT_RETURN_TYPE = YES_ERROR;
				GCC_WARN_UNDECLARED_SELECTOR = YES;
				GCC_WARN_UNINITIALIZED_AUTOS = YES_AGGRESSIVE;
				GCC_WARN_UNUSED_FUNCTION = YES;
				GCC_WARN_UNUSED_VARIABLE = YES;
				IPHONEOS_DEPLOYMENT_TARGET = 12.1;
				MTL_ENABLE_DEBUG_INFO = INCLUDE_SOURCE;
				MTL_FAST_MATH = YES;
				ONLY_ACTIVE_ARCH = YES;
				SDKROOT = iphoneos;
				SWIFT_ACTIVE_COMPILATION_CONDITIONS = DEBUG;
				SWIFT_OPTIMIZATION_LEVEL = "-Onone";
			};
			name = Debug;
		};
		DB059598219BC4E800BA35FE /* Release */ = {
			isa = XCBuildConfiguration;
			buildSettings = {
				ALWAYS_SEARCH_USER_PATHS = NO;
				CLANG_ANALYZER_NONNULL = YES;
				CLANG_ANALYZER_NUMBER_OBJECT_CONVERSION = YES_AGGRESSIVE;
				CLANG_CXX_LANGUAGE_STANDARD = "gnu++14";
				CLANG_CXX_LIBRARY = "libc++";
				CLANG_ENABLE_MODULES = YES;
				CLANG_ENABLE_OBJC_ARC = YES;
				CLANG_ENABLE_OBJC_WEAK = YES;
				CLANG_WARN_BLOCK_CAPTURE_AUTORELEASING = YES;
				CLANG_WARN_BOOL_CONVERSION = YES;
				CLANG_WARN_COMMA = YES;
				CLANG_WARN_CONSTANT_CONVERSION = YES;
				CLANG_WARN_DEPRECATED_OBJC_IMPLEMENTATIONS = YES;
				CLANG_WARN_DIRECT_OBJC_ISA_USAGE = YES_ERROR;
				CLANG_WARN_DOCUMENTATION_COMMENTS = YES;
				CLANG_WARN_EMPTY_BODY = YES;
				CLANG_WARN_ENUM_CONVERSION = YES;
				CLANG_WARN_INFINITE_RECURSION = YES;
				CLANG_WARN_INT_CONVERSION = YES;
				CLANG_WARN_NON_LITERAL_NULL_CONVERSION = YES;
				CLANG_WARN_OBJC_IMPLICIT_RETAIN_SELF = YES;
				CLANG_WARN_OBJC_LITERAL_CONVERSION = YES;
				CLANG_WARN_OBJC_ROOT_CLASS = YES_ERROR;
				CLANG_WARN_RANGE_LOOP_ANALYSIS = YES;
				CLANG_WARN_STRICT_PROTOTYPES = YES;
				CLANG_WARN_SUSPICIOUS_MOVE = YES;
				CLANG_WARN_UNGUARDED_AVAILABILITY = YES_AGGRESSIVE;
				CLANG_WARN_UNREACHABLE_CODE = YES;
				CLANG_WARN__DUPLICATE_METHOD_MATCH = YES;
				CODE_SIGN_IDENTITY = "iPhone Developer";
				COPY_PHASE_STRIP = NO;
				DEBUG_INFORMATION_FORMAT = "dwarf-with-dsym";
				ENABLE_NS_ASSERTIONS = NO;
				ENABLE_STRICT_OBJC_MSGSEND = YES;
				GCC_C_LANGUAGE_STANDARD = gnu11;
				GCC_NO_COMMON_BLOCKS = YES;
				GCC_WARN_64_TO_32_BIT_CONVERSION = YES;
				GCC_WARN_ABOUT_RETURN_TYPE = YES_ERROR;
				GCC_WARN_UNDECLARED_SELECTOR = YES;
				GCC_WARN_UNINITIALIZED_AUTOS = YES_AGGRESSIVE;
				GCC_WARN_UNUSED_FUNCTION = YES;
				GCC_WARN_UNUSED_VARIABLE = YES;
				IPHONEOS_DEPLOYMENT_TARGET = 12.1;
				MTL_ENABLE_DEBUG_INFO = NO;
				MTL_FAST_MATH = YES;
				SDKROOT = iphoneos;
				SWIFT_COMPILATION_MODE = wholemodule;
				SWIFT_OPTIMIZATION_LEVEL = "-O";
				VALIDATE_PRODUCT = YES;
			};
			name = Release;
		};
		DB05959A219BC4E800BA35FE /* Debug */ = {
			isa = XCBuildConfiguration;
			buildSettings = {
				ASSETCATALOG_COMPILER_APPICON_NAME = AppIcon;
				CODE_SIGN_STYLE = Automatic;
				INFOPLIST_FILE = test/Info.plist;
				LD_RUNPATH_SEARCH_PATHS = (
					"$(inherited)",
					"@executable_path/Frameworks",
				);
				PRODUCT_BUNDLE_IDENTIFIER = Peter.test;
				PRODUCT_NAME = "$(TARGET_NAME)";
				SWIFT_VERSION = 4.2;
				TARGETED_DEVICE_FAMILY = "1,2";
			};
			name = Debug;
		};
		DB05959B219BC4E800BA35FE /* Release */ = {
			isa = XCBuildConfiguration;
			buildSettings = {
				ASSETCATALOG_COMPILER_APPICON_NAME = AppIcon;
				CODE_SIGN_STYLE = Automatic;
				INFOPLIST_FILE = test/Info.plist;
				LD_RUNPATH_SEARCH_PATHS = (
					"$(inherited)",
					"@executable_path/Frameworks",
				);
				PRODUCT_BUNDLE_IDENTIFIER = Peter.test;
				PRODUCT_NAME = "$(TARGET_NAME)";
				SWIFT_VERSION = 4.2;
				TARGETED_DEVICE_FAMILY = "1,2";
			};
			name = Release;
		};
		DB05959D219BC4E800BA35FE /* Debug */ = {
			isa = XCBuildConfiguration;
			buildSettings = {
				ALWAYS_EMBED_SWIFT_STANDARD_LIBRARIES = YES;
				BUNDLE_LOADER = "$(TEST_HOST)";
				CODE_SIGN_STYLE = Automatic;
				INFOPLIST_FILE = testTests/Info.plist;
				LD_RUNPATH_SEARCH_PATHS = (
					"$(inherited)",
					"@executable_path/Frameworks",
					"@loader_path/Frameworks",
				);
				PRODUCT_BUNDLE_IDENTIFIER = Peter.testTests;
				PRODUCT_NAME = "$(TARGET_NAME)";
				SWIFT_VERSION = 4.2;
				TARGETED_DEVICE_FAMILY = "1,2";
				TEST_HOST = "$(BUILT_PRODUCTS_DIR)/test.app/test";
			};
			name = Debug;
		};
		DB05959E219BC4E800BA35FE /* Release */ = {
			isa = XCBuildConfiguration;
			buildSettings = {
				ALWAYS_EMBED_SWIFT_STANDARD_LIBRARIES = YES;
				BUNDLE_LOADER = "$(TEST_HOST)";
				CODE_SIGN_STYLE = Automatic;
				INFOPLIST_FILE = testTests/Info.plist;
				LD_RUNPATH_SEARCH_PATHS = (
					"$(inherited)",
					"@executable_path/Frameworks",
					"@loader_path/Frameworks",
				);
				PRODUCT_BUNDLE_IDENTIFIER = Peter.testTests;
				PRODUCT_NAME = "$(TARGET_NAME)";
				SWIFT_VERSION = 4.2;
				TARGETED_DEVICE_FAMILY = "1,2";
				TEST_HOST = "$(BUILT_PRODUCTS_DIR)/test.app/test";
			};
			name = Release;
		};
		DB0595A0219BC4E800BA35FE /* Debug */ = {
			isa = XCBuildConfiguration;
			buildSettings = {
				ALWAYS_EMBED_SWIFT_STANDARD_LIBRARIES = YES;
				CODE_SIGN_STYLE = Automatic;
				INFOPLIST_FILE = testUITests/Info.plist;
				LD_RUNPATH_SEARCH_PATHS = (
					"$(inherited)",
					"@executable_path/Frameworks",
					"@loader_path/Frameworks",
				);
				PRODUCT_BUNDLE_IDENTIFIER = Peter.testUITests;
				PRODUCT_NAME = "$(TARGET_NAME)";
				SWIFT_VERSION = 4.2;
				TARGETED_DEVICE_FAMILY = "1,2";
				TEST_TARGET_NAME = test;
			};
			name = Debug;
		};
		DB0595A1219BC4E800BA35FE /* Release */ = {
			isa = XCBuildConfiguration;
			buildSettings = {
				ALWAYS_EMBED_SWIFT_STANDARD_LIBRARIES = YES;
				CODE_SIGN_STYLE = Automatic;
				INFOPLIST_FILE = testUITests/Info.plist;
				LD_RUNPATH_SEARCH_PATHS = (
					"$(inherited)",
					"@executable_path/Frameworks",
					"@loader_path/Frameworks",
				);
				PRODUCT_BUNDLE_IDENTIFIER = Peter.testUITests;
				PRODUCT_NAME = "$(TARGET_NAME)";
				SWIFT_VERSION = 4.2;
				TARGETED_DEVICE_FAMILY = "1,2";
				TEST_TARGET_NAME = test;
			};
			name = Release;
		};
/* End XCBuildConfiguration section */

/* Begin XCConfigurationList section */
		DB05956C219BC4E700BA35FE /* Build configuration list for PBXProject "test" */ = {
			isa = XCConfigurationList;
			buildConfigurations = (
				DB059597219BC4E800BA35FE /* Debug */,
				DB059598219BC4E800BA35FE /* Release */,
			);
			defaultConfigurationIsVisible = 0;
			defaultConfigurationName = Release;
		};
		DB059599219BC4E800BA35FE /* Build configuration list for PBXNativeTarget "test" */ = {
			isa = XCConfigurationList;
			buildConfigurations = (
				DB05959A219BC4E800BA35FE /* Debug */,
				DB05959B219BC4E800BA35FE /* Release */,
			);
			defaultConfigurationIsVisible = 0;
			defaultConfigurationName = Release;
		};
		DB05959C219BC4E800BA35FE /* Build configuration list for PBXNativeTarget "testTests" */ = {
			isa = XCConfigurationList;
			buildConfigurations = (
				DB05959D219BC4E800BA35FE /* Debug */,
				DB05959E219BC4E800BA35FE /* Release */,
			);
			defaultConfigurationIsVisible = 0;
			defaultConfigurationName = Release;
		};
		DB05959F219BC4E800BA35FE /* Build configuration list for PBXNativeTarget "testUITests" */ = {
			isa = XCConfigurationList;
			buildConfigurations = (
				DB0595A0219BC4E800BA35FE /* Debug */,
				DB0595A1219BC4E800BA35FE /* Release */,
			);
			defaultConfigurationIsVisible = 0;
			defaultConfigurationName = Release;
		};
/* End XCConfigurationList section */
	};
	rootObject = DB059569219BC4E700BA35FE /* Project object */;
}
